// !$*UTF8*$!
{
	archiveVersion = 1;
	classes = {
	};
	objectVersion = 56;
	objects = {

/* Begin PBXBuildFile section */
		CA005E312C41216400E02B2D /* NewPostViewModel.swift in Sources */ = {isa = PBXBuildFile; fileRef = CA005E302C41216400E02B2D /* NewPostViewModel.swift */; };
		CA05C6B92C4A14BB00DFEFBD /* SearchViewModel.swift in Sources */ = {isa = PBXBuildFile; fileRef = CA05C6B82C4A14BB00DFEFBD /* SearchViewModel.swift */; };
		CA2A03782C42A80F002F1633 /* SignupBackgroundView.swift in Sources */ = {isa = PBXBuildFile; fileRef = CA2A03772C42A80F002F1633 /* SignupBackgroundView.swift */; };
		CA2A037A2C42AC61002F1633 /* BlueButtonView.swift in Sources */ = {isa = PBXBuildFile; fileRef = CA2A03792C42AC61002F1633 /* BlueButtonView.swift */; };
		CA2A037C2C42B0B7002F1633 /* SignupViewModel.swift in Sources */ = {isa = PBXBuildFile; fileRef = CA2A037B2C42B0B7002F1633 /* SignupViewModel.swift */; };
		CA345B5D2C4B566F00E2E412 /* ProfileViewModel+UserCount.swift in Sources */ = {isa = PBXBuildFile; fileRef = CA345B5C2C4B566F00E2E412 /* ProfileViewModel+UserCount.swift */; };
		CA3C779D2C4A24E30062E8D8 /* PostManager.swift in Sources */ = {isa = PBXBuildFile; fileRef = CA3C779C2C4A24E30062E8D8 /* PostManager.swift */; };
		CA3C779F2C4A28B80062E8D8 /* PostManager+Like.swift in Sources */ = {isa = PBXBuildFile; fileRef = CA3C779E2C4A28B80062E8D8 /* PostManager+Like.swift */; };
		CA3C77A12C4A2F270062E8D8 /* FeedCellViewModel+Like.swift in Sources */ = {isa = PBXBuildFile; fileRef = CA3C77A02C4A2F270062E8D8 /* FeedCellViewModel+Like.swift */; };
		CA3D877F2C43FFD7001F46AB /* User.swift in Sources */ = {isa = PBXBuildFile; fileRef = CA3D877E2C43FFD7001F46AB /* User.swift */; };
		CA3D87812C4401B9001F46AB /* LoginViewModel.swift in Sources */ = {isa = PBXBuildFile; fileRef = CA3D87802C4401B9001F46AB /* LoginViewModel.swift */; };
		CA4A23E12C411BB9003C7234 /* FirebaseAuth in Frameworks */ = {isa = PBXBuildFile; productRef = CA4A23E02C411BB9003C7234 /* FirebaseAuth */; };
		CA4A23E32C411BB9003C7234 /* FirebaseFirestore in Frameworks */ = {isa = PBXBuildFile; productRef = CA4A23E22C411BB9003C7234 /* FirebaseFirestore */; };
		CA4A23E52C411BB9003C7234 /* FirebaseFirestoreSwift in Frameworks */ = {isa = PBXBuildFile; productRef = CA4A23E42C411BB9003C7234 /* FirebaseFirestoreSwift */; };
		CA4A23E72C411BB9003C7234 /* FirebaseStorage in Frameworks */ = {isa = PBXBuildFile; productRef = CA4A23E62C411BB9003C7234 /* FirebaseStorage */; };
		CA5EF95B2C4419A500459290 /* ProfileView.swift in Sources */ = {isa = PBXBuildFile; fileRef = CA5EF95A2C4419A500459290 /* ProfileView.swift */; };
		CA7194EF2C45804C00CFF664 /* Kingfisher in Frameworks */ = {isa = PBXBuildFile; productRef = CA7194EE2C45804C00CFF664 /* Kingfisher */; };
		CA7D3C652C428262002898D4 /* GradientBackgroundView.swift in Sources */ = {isa = PBXBuildFile; fileRef = CA7D3C642C428262002898D4 /* GradientBackgroundView.swift */; };
		CA7D3C672C428300002898D4 /* EnterEmailView.swift in Sources */ = {isa = PBXBuildFile; fileRef = CA7D3C662C428300002898D4 /* EnterEmailView.swift */; };
		CA7D3C692C42965D002898D4 /* EnterPasswordView.swift in Sources */ = {isa = PBXBuildFile; fileRef = CA7D3C682C42965D002898D4 /* EnterPasswordView.swift */; };
		CA7D3C6B2C42979B002898D4 /* EnterNameView.swift in Sources */ = {isa = PBXBuildFile; fileRef = CA7D3C6A2C42979B002898D4 /* EnterNameView.swift */; };
		CA7D3C6D2C429856002898D4 /* EnterUsernameView.swift in Sources */ = {isa = PBXBuildFile; fileRef = CA7D3C6C2C429856002898D4 /* EnterUsernameView.swift */; };
		CA7D3C6F2C4298F9002898D4 /* CompleteSignupView.swift in Sources */ = {isa = PBXBuildFile; fileRef = CA7D3C6E2C4298F9002898D4 /* CompleteSignupView.swift */; };
		CA7D3C712C429E33002898D4 /* InstagramTextFieldModifier.swift in Sources */ = {isa = PBXBuildFile; fileRef = CA7D3C702C429E33002898D4 /* InstagramTextFieldModifier.swift */; };
		CA84F2202C4A9EB000636CBB /* FeedCellViewModel+Comment.swift in Sources */ = {isa = PBXBuildFile; fileRef = CA84F21F2C4A9EB000636CBB /* FeedCellViewModel+Comment.swift */; };
		CA84F2222C4AAF1100636CBB /* UserCountManager.swift in Sources */ = {isa = PBXBuildFile; fileRef = CA84F2212C4AAF1100636CBB /* UserCountManager.swift */; };
		CA948A112C424E1E003BC6DC /* Post.swift in Sources */ = {isa = PBXBuildFile; fileRef = CA948A102C424E1E003BC6DC /* Post.swift */; };
		CA948A132C425104003BC6DC /* LoginView.swift in Sources */ = {isa = PBXBuildFile; fileRef = CA948A122C425104003BC6DC /* LoginView.swift */; };
		CA9570632C4A0E7100E06378 /* AuthManager+Follow.swift in Sources */ = {isa = PBXBuildFile; fileRef = CA9570622C4A0E7100E06378 /* AuthManager+Follow.swift */; };
		CA9570652C4A0F2800E06378 /* ProfileViewModel+Follow.swift in Sources */ = {isa = PBXBuildFile; fileRef = CA9570642C4A0F2800E06378 /* ProfileViewModel+Follow.swift */; };
		CA9570682C4A13FD00E06378 /* SearchView.swift in Sources */ = {isa = PBXBuildFile; fileRef = CA9570672C4A13FD00E06378 /* SearchView.swift */; };
		CABC2A642C464F1A00CE307A /* ImageManager.swift in Sources */ = {isa = PBXBuildFile; fileRef = CABC2A632C464F1A00CE307A /* ImageManager.swift */; };
		CABC2A662C46630B00CE307A /* FeedView.swift in Sources */ = {isa = PBXBuildFile; fileRef = CABC2A652C46630B00CE307A /* FeedView.swift */; };
		CABC2A692C466DA700CE307A /* FeedCellView.swift in Sources */ = {isa = PBXBuildFile; fileRef = CABC2A682C466DA700CE307A /* FeedCellView.swift */; };
		CABC2A6B2C4684CB00CE307A /* FeedViewModel.swift in Sources */ = {isa = PBXBuildFile; fileRef = CABC2A6A2C4684CB00CE307A /* FeedViewModel.swift */; };
		CABC2A6F2C4687BE00CE307A /* FeedCellViewModel.swift in Sources */ = {isa = PBXBuildFile; fileRef = CABC2A6E2C4687BE00CE307A /* FeedCellViewModel.swift */; };
		CABC2A722C46BBF800CE307A /* Date+relativeTimeString.swift in Sources */ = {isa = PBXBuildFile; fileRef = CABC2A712C46BBF800CE307A /* Date+relativeTimeString.swift */; };
		CAC11AA82C4A661A00EE7C5F /* CommentView.swift in Sources */ = {isa = PBXBuildFile; fileRef = CAC11AA72C4A661A00EE7C5F /* CommentView.swift */; };
		CAC11AAA2C4A6B1A00EE7C5F /* Comment.swift in Sources */ = {isa = PBXBuildFile; fileRef = CAC11AA92C4A6B1A00EE7C5F /* Comment.swift */; };
		CAC11AAC2C4A6C5C00EE7C5F /* CommentManager.swift in Sources */ = {isa = PBXBuildFile; fileRef = CAC11AAB2C4A6C5C00EE7C5F /* CommentManager.swift */; };
		CAC11AAE2C4A71F600EE7C5F /* CommentViewModel.swift in Sources */ = {isa = PBXBuildFile; fileRef = CAC11AAD2C4A71F600EE7C5F /* CommentViewModel.swift */; };
		CAC76D112C44D44B00F5CD0A /* ProfileEditingView.swift in Sources */ = {isa = PBXBuildFile; fileRef = CAC76D102C44D44B00F5CD0A /* ProfileEditingView.swift */; };
		CAC76D172C44D83600F5CD0A /* ProfileViewModel.swift in Sources */ = {isa = PBXBuildFile; fileRef = CAC76D162C44D83600F5CD0A /* ProfileViewModel.swift */; };
		CAD61A6B2C4A97530064C7C9 /* CommentCellView.swift in Sources */ = {isa = PBXBuildFile; fileRef = CAD61A6A2C4A97530064C7C9 /* CommentCellView.swift */; };
		CAEA13A42C42EB7600C96CB8 /* AuthManager.swift in Sources */ = {isa = PBXBuildFile; fileRef = CAEA13A32C42EB7600C96CB8 /* AuthManager.swift */; };
		CAFD2D7F2C41157E00D69A08 /* InstagramCloneApp.swift in Sources */ = {isa = PBXBuildFile; fileRef = CAFD2D7E2C41157E00D69A08 /* InstagramCloneApp.swift */; };
		CAFD2D812C41157E00D69A08 /* ContentView.swift in Sources */ = {isa = PBXBuildFile; fileRef = CAFD2D802C41157E00D69A08 /* ContentView.swift */; };
		CAFD2D832C41157F00D69A08 /* Assets.xcassets in Resources */ = {isa = PBXBuildFile; fileRef = CAFD2D822C41157F00D69A08 /* Assets.xcassets */; };
		CAFD2D862C41157F00D69A08 /* Preview Assets.xcassets in Resources */ = {isa = PBXBuildFile; fileRef = CAFD2D852C41157F00D69A08 /* Preview Assets.xcassets */; };
		CAFD2D8D2C41169500D69A08 /* ImageTestView.swift in Sources */ = {isa = PBXBuildFile; fileRef = CAFD2D8C2C41169500D69A08 /* ImageTestView.swift */; };
		CAFD2D8F2C4116BF00D69A08 /* MainTabView.swift in Sources */ = {isa = PBXBuildFile; fileRef = CAFD2D8E2C4116BF00D69A08 /* MainTabView.swift */; };
		CAFD2D912C4116F000D69A08 /* NewPostView.swift in Sources */ = {isa = PBXBuildFile; fileRef = CAFD2D902C4116F000D69A08 /* NewPostView.swift */; };
		CAFD2D932C41192000D69A08 /* GoogleService-Info.plist in Resources */ = {isa = PBXBuildFile; fileRef = CAFD2D922C41192000D69A08 /* GoogleService-Info.plist */; };
/* End PBXBuildFile section */

/* Begin PBXFileReference section */
		CA005E302C41216400E02B2D /* NewPostViewModel.swift */ = {isa = PBXFileReference; lastKnownFileType = sourcecode.swift; path = NewPostViewModel.swift; sourceTree = "<group>"; };
		CA05C6B82C4A14BB00DFEFBD /* SearchViewModel.swift */ = {isa = PBXFileReference; lastKnownFileType = sourcecode.swift; path = SearchViewModel.swift; sourceTree = "<group>"; };
		CA2A03772C42A80F002F1633 /* SignupBackgroundView.swift */ = {isa = PBXFileReference; lastKnownFileType = sourcecode.swift; path = SignupBackgroundView.swift; sourceTree = "<group>"; };
		CA2A03792C42AC61002F1633 /* BlueButtonView.swift */ = {isa = PBXFileReference; lastKnownFileType = sourcecode.swift; path = BlueButtonView.swift; sourceTree = "<group>"; };
		CA2A037B2C42B0B7002F1633 /* SignupViewModel.swift */ = {isa = PBXFileReference; lastKnownFileType = sourcecode.swift; path = SignupViewModel.swift; sourceTree = "<group>"; };
		CA345B5C2C4B566F00E2E412 /* ProfileViewModel+UserCount.swift */ = {isa = PBXFileReference; lastKnownFileType = sourcecode.swift; path = "ProfileViewModel+UserCount.swift"; sourceTree = "<group>"; };
		CA3C779C2C4A24E30062E8D8 /* PostManager.swift */ = {isa = PBXFileReference; lastKnownFileType = sourcecode.swift; path = PostManager.swift; sourceTree = "<group>"; };
		CA3C779E2C4A28B80062E8D8 /* PostManager+Like.swift */ = {isa = PBXFileReference; lastKnownFileType = sourcecode.swift; path = "PostManager+Like.swift"; sourceTree = "<group>"; };
		CA3C77A02C4A2F270062E8D8 /* FeedCellViewModel+Like.swift */ = {isa = PBXFileReference; lastKnownFileType = sourcecode.swift; path = "FeedCellViewModel+Like.swift"; sourceTree = "<group>"; };
		CA3D877E2C43FFD7001F46AB /* User.swift */ = {isa = PBXFileReference; lastKnownFileType = sourcecode.swift; path = User.swift; sourceTree = "<group>"; };
		CA3D87802C4401B9001F46AB /* LoginViewModel.swift */ = {isa = PBXFileReference; lastKnownFileType = sourcecode.swift; path = LoginViewModel.swift; sourceTree = "<group>"; };
		CA5EF95A2C4419A500459290 /* ProfileView.swift */ = {isa = PBXFileReference; lastKnownFileType = sourcecode.swift; path = ProfileView.swift; sourceTree = "<group>"; };
		CA7D3C642C428262002898D4 /* GradientBackgroundView.swift */ = {isa = PBXFileReference; lastKnownFileType = sourcecode.swift; path = GradientBackgroundView.swift; sourceTree = "<group>"; };
		CA7D3C662C428300002898D4 /* EnterEmailView.swift */ = {isa = PBXFileReference; lastKnownFileType = sourcecode.swift; path = EnterEmailView.swift; sourceTree = "<group>"; };
		CA7D3C682C42965D002898D4 /* EnterPasswordView.swift */ = {isa = PBXFileReference; lastKnownFileType = sourcecode.swift; path = EnterPasswordView.swift; sourceTree = "<group>"; };
		CA7D3C6A2C42979B002898D4 /* EnterNameView.swift */ = {isa = PBXFileReference; lastKnownFileType = sourcecode.swift; path = EnterNameView.swift; sourceTree = "<group>"; };
		CA7D3C6C2C429856002898D4 /* EnterUsernameView.swift */ = {isa = PBXFileReference; lastKnownFileType = sourcecode.swift; path = EnterUsernameView.swift; sourceTree = "<group>"; };
		CA7D3C6E2C4298F9002898D4 /* CompleteSignupView.swift */ = {isa = PBXFileReference; lastKnownFileType = sourcecode.swift; path = CompleteSignupView.swift; sourceTree = "<group>"; };
		CA7D3C702C429E33002898D4 /* InstagramTextFieldModifier.swift */ = {isa = PBXFileReference; lastKnownFileType = sourcecode.swift; path = InstagramTextFieldModifier.swift; sourceTree = "<group>"; };
		CA84F21F2C4A9EB000636CBB /* FeedCellViewModel+Comment.swift */ = {isa = PBXFileReference; lastKnownFileType = sourcecode.swift; path = "FeedCellViewModel+Comment.swift"; sourceTree = "<group>"; };
		CA84F2212C4AAF1100636CBB /* UserCountManager.swift */ = {isa = PBXFileReference; lastKnownFileType = sourcecode.swift; path = UserCountManager.swift; sourceTree = "<group>"; };
		CA948A102C424E1E003BC6DC /* Post.swift */ = {isa = PBXFileReference; lastKnownFileType = sourcecode.swift; path = Post.swift; sourceTree = "<group>"; };
		CA948A122C425104003BC6DC /* LoginView.swift */ = {isa = PBXFileReference; lastKnownFileType = sourcecode.swift; path = LoginView.swift; sourceTree = "<group>"; };
		CA9570622C4A0E7100E06378 /* AuthManager+Follow.swift */ = {isa = PBXFileReference; lastKnownFileType = sourcecode.swift; path = "AuthManager+Follow.swift"; sourceTree = "<group>"; };
		CA9570642C4A0F2800E06378 /* ProfileViewModel+Follow.swift */ = {isa = PBXFileReference; lastKnownFileType = sourcecode.swift; path = "ProfileViewModel+Follow.swift"; sourceTree = "<group>"; };
		CA9570672C4A13FD00E06378 /* SearchView.swift */ = {isa = PBXFileReference; lastKnownFileType = sourcecode.swift; path = SearchView.swift; sourceTree = "<group>"; };
		CABC2A632C464F1A00CE307A /* ImageManager.swift */ = {isa = PBXFileReference; lastKnownFileType = sourcecode.swift; path = ImageManager.swift; sourceTree = "<group>"; };
		CABC2A652C46630B00CE307A /* FeedView.swift */ = {isa = PBXFileReference; lastKnownFileType = sourcecode.swift; path = FeedView.swift; sourceTree = "<group>"; };
		CABC2A682C466DA700CE307A /* FeedCellView.swift */ = {isa = PBXFileReference; lastKnownFileType = sourcecode.swift; path = FeedCellView.swift; sourceTree = "<group>"; };
		CABC2A6A2C4684CB00CE307A /* FeedViewModel.swift */ = {isa = PBXFileReference; lastKnownFileType = sourcecode.swift; path = FeedViewModel.swift; sourceTree = "<group>"; };
		CABC2A6E2C4687BE00CE307A /* FeedCellViewModel.swift */ = {isa = PBXFileReference; lastKnownFileType = sourcecode.swift; path = FeedCellViewModel.swift; sourceTree = "<group>"; };
		CABC2A712C46BBF800CE307A /* Date+relativeTimeString.swift */ = {isa = PBXFileReference; lastKnownFileType = sourcecode.swift; path = "Date+relativeTimeString.swift"; sourceTree = "<group>"; };
		CAC11AA72C4A661A00EE7C5F /* CommentView.swift */ = {isa = PBXFileReference; lastKnownFileType = sourcecode.swift; path = CommentView.swift; sourceTree = "<group>"; };
		CAC11AA92C4A6B1A00EE7C5F /* Comment.swift */ = {isa = PBXFileReference; lastKnownFileType = sourcecode.swift; path = Comment.swift; sourceTree = "<group>"; };
		CAC11AAB2C4A6C5C00EE7C5F /* CommentManager.swift */ = {isa = PBXFileReference; lastKnownFileType = sourcecode.swift; path = CommentManager.swift; sourceTree = "<group>"; };
		CAC11AAD2C4A71F600EE7C5F /* CommentViewModel.swift */ = {isa = PBXFileReference; lastKnownFileType = sourcecode.swift; path = CommentViewModel.swift; sourceTree = "<group>"; };
		CAC76D102C44D44B00F5CD0A /* ProfileEditingView.swift */ = {isa = PBXFileReference; lastKnownFileType = sourcecode.swift; path = ProfileEditingView.swift; sourceTree = "<group>"; };
		CAC76D162C44D83600F5CD0A /* ProfileViewModel.swift */ = {isa = PBXFileReference; lastKnownFileType = sourcecode.swift; path = ProfileViewModel.swift; sourceTree = "<group>"; };
		CAD61A6A2C4A97530064C7C9 /* CommentCellView.swift */ = {isa = PBXFileReference; lastKnownFileType = sourcecode.swift; path = CommentCellView.swift; sourceTree = "<group>"; };
		CAEA13A32C42EB7600C96CB8 /* AuthManager.swift */ = {isa = PBXFileReference; lastKnownFileType = sourcecode.swift; path = AuthManager.swift; sourceTree = "<group>"; };
		CAFD2D7B2C41157E00D69A08 /* InstagramClone.app */ = {isa = PBXFileReference; explicitFileType = wrapper.application; includeInIndex = 0; path = InstagramClone.app; sourceTree = BUILT_PRODUCTS_DIR; };
		CAFD2D7E2C41157E00D69A08 /* InstagramCloneApp.swift */ = {isa = PBXFileReference; lastKnownFileType = sourcecode.swift; path = InstagramCloneApp.swift; sourceTree = "<group>"; };
		CAFD2D802C41157E00D69A08 /* ContentView.swift */ = {isa = PBXFileReference; lastKnownFileType = sourcecode.swift; path = ContentView.swift; sourceTree = "<group>"; };
		CAFD2D822C41157F00D69A08 /* Assets.xcassets */ = {isa = PBXFileReference; lastKnownFileType = folder.assetcatalog; path = Assets.xcassets; sourceTree = "<group>"; };
		CAFD2D852C41157F00D69A08 /* Preview Assets.xcassets */ = {isa = PBXFileReference; lastKnownFileType = folder.assetcatalog; path = "Preview Assets.xcassets"; sourceTree = "<group>"; };
		CAFD2D8C2C41169500D69A08 /* ImageTestView.swift */ = {isa = PBXFileReference; lastKnownFileType = sourcecode.swift; path = ImageTestView.swift; sourceTree = "<group>"; };
		CAFD2D8E2C4116BF00D69A08 /* MainTabView.swift */ = {isa = PBXFileReference; lastKnownFileType = sourcecode.swift; path = MainTabView.swift; sourceTree = "<group>"; };
		CAFD2D902C4116F000D69A08 /* NewPostView.swift */ = {isa = PBXFileReference; lastKnownFileType = sourcecode.swift; path = NewPostView.swift; sourceTree = "<group>"; };
		CAFD2D922C41192000D69A08 /* GoogleService-Info.plist */ = {isa = PBXFileReference; fileEncoding = 4; lastKnownFileType = text.plist.xml; path = "GoogleService-Info.plist"; sourceTree = "<group>"; };
/* End PBXFileReference section */

/* Begin PBXFrameworksBuildPhase section */
		CAFD2D782C41157E00D69A08 /* Frameworks */ = {
			isa = PBXFrameworksBuildPhase;
			buildActionMask = 2147483647;
			files = (
				CA4A23E12C411BB9003C7234 /* FirebaseAuth in Frameworks */,
				CA4A23E72C411BB9003C7234 /* FirebaseStorage in Frameworks */,
				CA4A23E32C411BB9003C7234 /* FirebaseFirestore in Frameworks */,
				CA4A23E52C411BB9003C7234 /* FirebaseFirestoreSwift in Frameworks */,
				CA7194EF2C45804C00CFF664 /* Kingfisher in Frameworks */,
			);
			runOnlyForDeploymentPostprocessing = 0;
		};
/* End PBXFrameworksBuildPhase section */

/* Begin PBXGroup section */
		CA005E2F2C41214F00E02B2D /* NewPost */ = {
			isa = PBXGroup;
			children = (
				CA05C6BD2C4A1D0A00DFEFBD /* View */,
				CA05C6BE2C4A1D1000DFEFBD /* ViewModel */,
			);
			path = NewPost;
			sourceTree = "<group>";
		};
		CA05C6BA2C4A1BDD00DFEFBD /* View */ = {
			isa = PBXGroup;
			children = (
				CA9570672C4A13FD00E06378 /* SearchView.swift */,
			);
			path = View;
			sourceTree = "<group>";
		};
		CA05C6BB2C4A1BE600DFEFBD /* ViewModel */ = {
			isa = PBXGroup;
			children = (
				CA05C6B82C4A14BB00DFEFBD /* SearchViewModel.swift */,
			);
			path = ViewModel;
			sourceTree = "<group>";
		};
		CA05C6BC2C4A1C7200DFEFBD /* VVM */ = {
			isa = PBXGroup;
			children = (
				CA948A142C425123003BC6DC /* Login */,
				CABC2A672C46631B00CE307A /* Feed */,
				CA9570662C4A135200E06378 /* Search */,
				CA005E2F2C41214F00E02B2D /* NewPost */,
				CA5EF95C2C4419AA00459290 /* Profile */,
				CAC11AA62C4A65E400EE7C5F /* Comment */,
			);
			path = VVM;
			sourceTree = "<group>";
		};
		CA05C6BD2C4A1D0A00DFEFBD /* View */ = {
			isa = PBXGroup;
			children = (
				CAFD2D902C4116F000D69A08 /* NewPostView.swift */,
			);
			path = View;
			sourceTree = "<group>";
		};
		CA05C6BE2C4A1D1000DFEFBD /* ViewModel */ = {
			isa = PBXGroup;
			children = (
				CA005E302C41216400E02B2D /* NewPostViewModel.swift */,
			);
			path = ViewModel;
			sourceTree = "<group>";
		};
		CA2A037D2C42B109002F1633 /* View */ = {
			isa = PBXGroup;
			children = (
				CA948A122C425104003BC6DC /* LoginView.swift */,
				CA7D3C662C428300002898D4 /* EnterEmailView.swift */,
				CA7D3C682C42965D002898D4 /* EnterPasswordView.swift */,
				CA7D3C6A2C42979B002898D4 /* EnterNameView.swift */,
				CA7D3C6C2C429856002898D4 /* EnterUsernameView.swift */,
				CA7D3C6E2C4298F9002898D4 /* CompleteSignupView.swift */,
			);
			path = View;
			sourceTree = "<group>";
		};
		CA2A037E2C42B128002F1633 /* ViewModel */ = {
			isa = PBXGroup;
			children = (
				CA2A037B2C42B0B7002F1633 /* SignupViewModel.swift */,
				CA3D87802C4401B9001F46AB /* LoginViewModel.swift */,
			);
			path = ViewModel;
			sourceTree = "<group>";
		};
		CA5EF95C2C4419AA00459290 /* Profile */ = {
			isa = PBXGroup;
			children = (
				CAC76D122C44D80400F5CD0A /* View */,
				CAC76D152C44D81800F5CD0A /* ViewModel */,
			);
			path = Profile;
			sourceTree = "<group>";
		};
		CA7D3C722C429E49002898D4 /* Common */ = {
			isa = PBXGroup;
			children = (
				CA7D3C702C429E33002898D4 /* InstagramTextFieldModifier.swift */,
				CA7D3C642C428262002898D4 /* GradientBackgroundView.swift */,
				CA2A03772C42A80F002F1633 /* SignupBackgroundView.swift */,
				CA2A03792C42AC61002F1633 /* BlueButtonView.swift */,
			);
			path = Common;
			sourceTree = "<group>";
		};
		CA948A0F2C424DF8003BC6DC /* Model */ = {
			isa = PBXGroup;
			children = (
				CA948A102C424E1E003BC6DC /* Post.swift */,
				CA3D877E2C43FFD7001F46AB /* User.swift */,
				CAC11AA92C4A6B1A00EE7C5F /* Comment.swift */,
			);
			path = Model;
			sourceTree = "<group>";
		};
		CA948A142C425123003BC6DC /* Login */ = {
			isa = PBXGroup;
			children = (
				CA2A037D2C42B109002F1633 /* View */,
				CA2A037E2C42B128002F1633 /* ViewModel */,
			);
			path = Login;
			sourceTree = "<group>";
		};
		CA9570662C4A135200E06378 /* Search */ = {
			isa = PBXGroup;
			children = (
				CA05C6BA2C4A1BDD00DFEFBD /* View */,
				CA05C6BB2C4A1BE600DFEFBD /* ViewModel */,
			);
			path = Search;
			sourceTree = "<group>";
		};
		CABC2A672C46631B00CE307A /* Feed */ = {
			isa = PBXGroup;
			children = (
				CABC2A6C2C4684DD00CE307A /* View */,
				CABC2A6D2C4684E700CE307A /* ViewModel */,
			);
			path = Feed;
			sourceTree = "<group>";
		};
		CABC2A6C2C4684DD00CE307A /* View */ = {
			isa = PBXGroup;
			children = (
				CABC2A652C46630B00CE307A /* FeedView.swift */,
				CABC2A682C466DA700CE307A /* FeedCellView.swift */,
			);
			path = View;
			sourceTree = "<group>";
		};
		CABC2A6D2C4684E700CE307A /* ViewModel */ = {
			isa = PBXGroup;
			children = (
				CABC2A6A2C4684CB00CE307A /* FeedViewModel.swift */,
				CABC2A6E2C4687BE00CE307A /* FeedCellViewModel.swift */,
				CA3C77A02C4A2F270062E8D8 /* FeedCellViewModel+Like.swift */,
				CA84F21F2C4A9EB000636CBB /* FeedCellViewModel+Comment.swift */,
			);
			path = ViewModel;
			sourceTree = "<group>";
		};
		CABC2A702C46BBCF00CE307A /* Etc */ = {
			isa = PBXGroup;
			children = (
				CABC2A712C46BBF800CE307A /* Date+relativeTimeString.swift */,
			);
			path = Etc;
			sourceTree = "<group>";
		};
		CAC11AA62C4A65E400EE7C5F /* Comment */ = {
			isa = PBXGroup;
			children = (
				CAC11AAF2C4A71FF00EE7C5F /* View */,
				CAC11AB02C4A720400EE7C5F /* ViewModel */,
			);
			path = Comment;
			sourceTree = "<group>";
		};
		CAC11AAF2C4A71FF00EE7C5F /* View */ = {
			isa = PBXGroup;
			children = (
				CAC11AA72C4A661A00EE7C5F /* CommentView.swift */,
				CAD61A6A2C4A97530064C7C9 /* CommentCellView.swift */,
			);
			path = View;
			sourceTree = "<group>";
		};
		CAC11AB02C4A720400EE7C5F /* ViewModel */ = {
			isa = PBXGroup;
			children = (
				CAC11AAD2C4A71F600EE7C5F /* CommentViewModel.swift */,
			);
			path = ViewModel;
			sourceTree = "<group>";
		};
		CAC76D122C44D80400F5CD0A /* View */ = {
			isa = PBXGroup;
			children = (
				CA5EF95A2C4419A500459290 /* ProfileView.swift */,
				CAC76D102C44D44B00F5CD0A /* ProfileEditingView.swift */,
			);
			path = View;
			sourceTree = "<group>";
		};
		CAC76D152C44D81800F5CD0A /* ViewModel */ = {
			isa = PBXGroup;
			children = (
				CAC76D162C44D83600F5CD0A /* ProfileViewModel.swift */,
				CA9570642C4A0F2800E06378 /* ProfileViewModel+Follow.swift */,
				CA345B5C2C4B566F00E2E412 /* ProfileViewModel+UserCount.swift */,
			);
			path = ViewModel;
			sourceTree = "<group>";
		};
		CAEA13A22C42EB5E00C96CB8 /* Manager */ = {
			isa = PBXGroup;
			children = (
				CAEA13A32C42EB7600C96CB8 /* AuthManager.swift */,
				CA9570622C4A0E7100E06378 /* AuthManager+Follow.swift */,
				CABC2A632C464F1A00CE307A /* ImageManager.swift */,
				CA3C779C2C4A24E30062E8D8 /* PostManager.swift */,
				CA3C779E2C4A28B80062E8D8 /* PostManager+Like.swift */,
				CAC11AAB2C4A6C5C00EE7C5F /* CommentManager.swift */,
				CA84F2212C4AAF1100636CBB /* UserCountManager.swift */,
			);
			path = Manager;
			sourceTree = "<group>";
		};
		CAFD2D722C41157E00D69A08 = {
			isa = PBXGroup;
			children = (
				CAFD2D7D2C41157E00D69A08 /* InstagramClone */,
				CAFD2D7C2C41157E00D69A08 /* Products */,
			);
			sourceTree = "<group>";
		};
		CAFD2D7C2C41157E00D69A08 /* Products */ = {
			isa = PBXGroup;
			children = (
				CAFD2D7B2C41157E00D69A08 /* InstagramClone.app */,
			);
			name = Products;
			sourceTree = "<group>";
		};
		CAFD2D7D2C41157E00D69A08 /* InstagramClone */ = {
			isa = PBXGroup;
			children = (
				CAFD2D7E2C41157E00D69A08 /* InstagramCloneApp.swift */,
				CAFD2D802C41157E00D69A08 /* ContentView.swift */,
				CAFD2D8E2C4116BF00D69A08 /* MainTabView.swift */,
				CAEA13A22C42EB5E00C96CB8 /* Manager */,
				CA05C6BC2C4A1C7200DFEFBD /* VVM */,
				CA948A0F2C424DF8003BC6DC /* Model */,
				CA7D3C722C429E49002898D4 /* Common */,
				CABC2A702C46BBCF00CE307A /* Etc */,
				CAFD2D822C41157F00D69A08 /* Assets.xcassets */,
				CAFD2D922C41192000D69A08 /* GoogleService-Info.plist */,
				CAFD2D962C41197E00D69A08 /* Test */,
				CAFD2D842C41157F00D69A08 /* Preview Content */,
			);
			path = InstagramClone;
			sourceTree = "<group>";
		};
		CAFD2D842C41157F00D69A08 /* Preview Content */ = {
			isa = PBXGroup;
			children = (
				CAFD2D852C41157F00D69A08 /* Preview Assets.xcassets */,
			);
			path = "Preview Content";
			sourceTree = "<group>";
		};
		CAFD2D962C41197E00D69A08 /* Test */ = {
			isa = PBXGroup;
			children = (
				CAFD2D8C2C41169500D69A08 /* ImageTestView.swift */,
			);
			path = Test;
			sourceTree = "<group>";
		};
/* End PBXGroup section */

/* Begin PBXNativeTarget section */
		CAFD2D7A2C41157E00D69A08 /* InstagramClone */ = {
			isa = PBXNativeTarget;
			buildConfigurationList = CAFD2D892C41157F00D69A08 /* Build configuration list for PBXNativeTarget "InstagramClone" */;
			buildPhases = (
				CAFD2D772C41157E00D69A08 /* Sources */,
				CAFD2D782C41157E00D69A08 /* Frameworks */,
				CAFD2D792C41157E00D69A08 /* Resources */,
			);
			buildRules = (
			);
			dependencies = (
			);
			name = InstagramClone;
			packageProductDependencies = (
				CA4A23E02C411BB9003C7234 /* FirebaseAuth */,
				CA4A23E22C411BB9003C7234 /* FirebaseFirestore */,
				CA4A23E42C411BB9003C7234 /* FirebaseFirestoreSwift */,
				CA4A23E62C411BB9003C7234 /* FirebaseStorage */,
				CA7194EE2C45804C00CFF664 /* Kingfisher */,
			);
			productName = InstagramClone;
			productReference = CAFD2D7B2C41157E00D69A08 /* InstagramClone.app */;
			productType = "com.apple.product-type.application";
		};
/* End PBXNativeTarget section */

/* Begin PBXProject section */
		CAFD2D732C41157E00D69A08 /* Project object */ = {
			isa = PBXProject;
			attributes = {
				BuildIndependentTargetsInParallel = 1;
				LastSwiftUpdateCheck = 1540;
				LastUpgradeCheck = 1540;
				TargetAttributes = {
					CAFD2D7A2C41157E00D69A08 = {
						CreatedOnToolsVersion = 15.4;
					};
				};
			};
			buildConfigurationList = CAFD2D762C41157E00D69A08 /* Build configuration list for PBXProject "InstagramClone" */;
			compatibilityVersion = "Xcode 14.0";
			developmentRegion = en;
			hasScannedForEncodings = 0;
			knownRegions = (
				en,
				Base,
			);
			mainGroup = CAFD2D722C41157E00D69A08;
			packageReferences = (
				CA4A23DF2C411BB9003C7234 /* XCRemoteSwiftPackageReference "firebase-ios-sdk" */,
				CA7194ED2C45804C00CFF664 /* XCRemoteSwiftPackageReference "Kingfisher" */,
			);
			productRefGroup = CAFD2D7C2C41157E00D69A08 /* Products */;
			projectDirPath = "";
			projectRoot = "";
			targets = (
				CAFD2D7A2C41157E00D69A08 /* InstagramClone */,
			);
		};
/* End PBXProject section */

/* Begin PBXResourcesBuildPhase section */
		CAFD2D792C41157E00D69A08 /* Resources */ = {
			isa = PBXResourcesBuildPhase;
			buildActionMask = 2147483647;
			files = (
				CAFD2D862C41157F00D69A08 /* Preview Assets.xcassets in Resources */,
				CAFD2D832C41157F00D69A08 /* Assets.xcassets in Resources */,
				CAFD2D932C41192000D69A08 /* GoogleService-Info.plist in Resources */,
			);
			runOnlyForDeploymentPostprocessing = 0;
		};
/* End PBXResourcesBuildPhase section */

/* Begin PBXSourcesBuildPhase section */
		CAFD2D772C41157E00D69A08 /* Sources */ = {
			isa = PBXSourcesBuildPhase;
			buildActionMask = 2147483647;
			files = (
				CA84F2222C4AAF1100636CBB /* UserCountManager.swift in Sources */,
				CA345B5D2C4B566F00E2E412 /* ProfileViewModel+UserCount.swift in Sources */,
				CA2A037C2C42B0B7002F1633 /* SignupViewModel.swift in Sources */,
				CAFD2D8D2C41169500D69A08 /* ImageTestView.swift in Sources */,
				CA3C779F2C4A28B80062E8D8 /* PostManager+Like.swift in Sources */,
				CAFD2D812C41157E00D69A08 /* ContentView.swift in Sources */,
				CAFD2D7F2C41157E00D69A08 /* InstagramCloneApp.swift in Sources */,
				CAC11AAC2C4A6C5C00EE7C5F /* CommentManager.swift in Sources */,
				CA7D3C652C428262002898D4 /* GradientBackgroundView.swift in Sources */,
				CA7D3C6B2C42979B002898D4 /* EnterNameView.swift in Sources */,
				CAC76D172C44D83600F5CD0A /* ProfileViewModel.swift in Sources */,
				CA7D3C6D2C429856002898D4 /* EnterUsernameView.swift in Sources */,
				CA2A03782C42A80F002F1633 /* SignupBackgroundView.swift in Sources */,
				CA3C77A12C4A2F270062E8D8 /* FeedCellViewModel+Like.swift in Sources */,
				CA9570632C4A0E7100E06378 /* AuthManager+Follow.swift in Sources */,
				CA9570682C4A13FD00E06378 /* SearchView.swift in Sources */,
				CA3D877F2C43FFD7001F46AB /* User.swift in Sources */,
				CAC11AAE2C4A71F600EE7C5F /* CommentViewModel.swift in Sources */,
				CABC2A662C46630B00CE307A /* FeedView.swift in Sources */,
				CAFD2D8F2C4116BF00D69A08 /* MainTabView.swift in Sources */,
				CA84F2202C4A9EB000636CBB /* FeedCellViewModel+Comment.swift in Sources */,
				CA05C6B92C4A14BB00DFEFBD /* SearchViewModel.swift in Sources */,
				CAC76D112C44D44B00F5CD0A /* ProfileEditingView.swift in Sources */,
				CAFD2D912C4116F000D69A08 /* NewPostView.swift in Sources */,
				CABC2A6B2C4684CB00CE307A /* FeedViewModel.swift in Sources */,
				CAC11AA82C4A661A00EE7C5F /* CommentView.swift in Sources */,
				CA7D3C672C428300002898D4 /* EnterEmailView.swift in Sources */,
				CABC2A6F2C4687BE00CE307A /* FeedCellViewModel.swift in Sources */,
				CABC2A692C466DA700CE307A /* FeedCellView.swift in Sources */,
				CA9570652C4A0F2800E06378 /* ProfileViewModel+Follow.swift in Sources */,
				CA7D3C6F2C4298F9002898D4 /* CompleteSignupView.swift in Sources */,
				CA7D3C712C429E33002898D4 /* InstagramTextFieldModifier.swift in Sources */,
				CA2A037A2C42AC61002F1633 /* BlueButtonView.swift in Sources */,
				CABC2A722C46BBF800CE307A /* Date+relativeTimeString.swift in Sources */,
				CAEA13A42C42EB7600C96CB8 /* AuthManager.swift in Sources */,
				CAD61A6B2C4A97530064C7C9 /* CommentCellView.swift in Sources */,
				CA7D3C692C42965D002898D4 /* EnterPasswordView.swift in Sources */,
				CA948A112C424E1E003BC6DC /* Post.swift in Sources */,
				CA948A132C425104003BC6DC /* LoginView.swift in Sources */,
				CABC2A642C464F1A00CE307A /* ImageManager.swift in Sources */,
				CAC11AAA2C4A6B1A00EE7C5F /* Comment.swift in Sources */,
				CA005E312C41216400E02B2D /* NewPostViewModel.swift in Sources */,
				CA3C779D2C4A24E30062E8D8 /* PostManager.swift in Sources */,
				CA5EF95B2C4419A500459290 /* ProfileView.swift in Sources */,
				CA3D87812C4401B9001F46AB /* LoginViewModel.swift in Sources */,
			);
			runOnlyForDeploymentPostprocessing = 0;
		};
/* End PBXSourcesBuildPhase section */

/* Begin XCBuildConfiguration section */
		CAFD2D872C41157F00D69A08 /* Debug */ = {
			isa = XCBuildConfiguration;
			buildSettings = {
				ALWAYS_SEARCH_USER_PATHS = NO;
				ASSETCATALOG_COMPILER_GENERATE_SWIFT_ASSET_SYMBOL_EXTENSIONS = YES;
				CLANG_ANALYZER_NONNULL = YES;
				CLANG_ANALYZER_NUMBER_OBJECT_CONVERSION = YES_AGGRESSIVE;
				CLANG_CXX_LANGUAGE_STANDARD = "gnu++20";
				CLANG_ENABLE_MODULES = YES;
				CLANG_ENABLE_OBJC_ARC = YES;
				CLANG_ENABLE_OBJC_WEAK = YES;
				CLANG_WARN_BLOCK_CAPTURE_AUTORELEASING = YES;
				CLANG_WARN_BOOL_CONVERSION = YES;
				CLANG_WARN_COMMA = YES;
				CLANG_WARN_CONSTANT_CONVERSION = YES;
				CLANG_WARN_DEPRECATED_OBJC_IMPLEMENTATIONS = YES;
				CLANG_WARN_DIRECT_OBJC_ISA_USAGE = YES_ERROR;
				CLANG_WARN_DOCUMENTATION_COMMENTS = YES;
				CLANG_WARN_EMPTY_BODY = YES;
				CLANG_WARN_ENUM_CONVERSION = YES;
				CLANG_WARN_INFINITE_RECURSION = YES;
				CLANG_WARN_INT_CONVERSION = YES;
				CLANG_WARN_NON_LITERAL_NULL_CONVERSION = YES;
				CLANG_WARN_OBJC_IMPLICIT_RETAIN_SELF = YES;
				CLANG_WARN_OBJC_LITERAL_CONVERSION = YES;
				CLANG_WARN_OBJC_ROOT_CLASS = YES_ERROR;
				CLANG_WARN_QUOTED_INCLUDE_IN_FRAMEWORK_HEADER = YES;
				CLANG_WARN_RANGE_LOOP_ANALYSIS = YES;
				CLANG_WARN_STRICT_PROTOTYPES = YES;
				CLANG_WARN_SUSPICIOUS_MOVE = YES;
				CLANG_WARN_UNGUARDED_AVAILABILITY = YES_AGGRESSIVE;
				CLANG_WARN_UNREACHABLE_CODE = YES;
				CLANG_WARN__DUPLICATE_METHOD_MATCH = YES;
				COPY_PHASE_STRIP = NO;
				DEBUG_INFORMATION_FORMAT = dwarf;
				ENABLE_STRICT_OBJC_MSGSEND = YES;
				ENABLE_TESTABILITY = YES;
				ENABLE_USER_SCRIPT_SANDBOXING = YES;
				GCC_C_LANGUAGE_STANDARD = gnu17;
				GCC_DYNAMIC_NO_PIC = NO;
				GCC_NO_COMMON_BLOCKS = YES;
				GCC_OPTIMIZATION_LEVEL = 0;
				GCC_PREPROCESSOR_DEFINITIONS = (
					"DEBUG=1",
					"$(inherited)",
				);
				GCC_WARN_64_TO_32_BIT_CONVERSION = YES;
				GCC_WARN_ABOUT_RETURN_TYPE = YES_ERROR;
				GCC_WARN_UNDECLARED_SELECTOR = YES;
				GCC_WARN_UNINITIALIZED_AUTOS = YES_AGGRESSIVE;
				GCC_WARN_UNUSED_FUNCTION = YES;
				GCC_WARN_UNUSED_VARIABLE = YES;
				IPHONEOS_DEPLOYMENT_TARGET = 17.5;
				LOCALIZATION_PREFERS_STRING_CATALOGS = YES;
				MTL_ENABLE_DEBUG_INFO = INCLUDE_SOURCE;
				MTL_FAST_MATH = YES;
				ONLY_ACTIVE_ARCH = YES;
				SDKROOT = iphoneos;
				SWIFT_ACTIVE_COMPILATION_CONDITIONS = "DEBUG $(inherited)";
				SWIFT_OPTIMIZATION_LEVEL = "-Onone";
			};
			name = Debug;
		};
		CAFD2D882C41157F00D69A08 /* Release */ = {
			isa = XCBuildConfiguration;
			buildSettings = {
				ALWAYS_SEARCH_USER_PATHS = NO;
				ASSETCATALOG_COMPILER_GENERATE_SWIFT_ASSET_SYMBOL_EXTENSIONS = YES;
				CLANG_ANALYZER_NONNULL = YES;
				CLANG_ANALYZER_NUMBER_OBJECT_CONVERSION = YES_AGGRESSIVE;
				CLANG_CXX_LANGUAGE_STANDARD = "gnu++20";
				CLANG_ENABLE_MODULES = YES;
				CLANG_ENABLE_OBJC_ARC = YES;
				CLANG_ENABLE_OBJC_WEAK = YES;
				CLANG_WARN_BLOCK_CAPTURE_AUTORELEASING = YES;
				CLANG_WARN_BOOL_CONVERSION = YES;
				CLANG_WARN_COMMA = YES;
				CLANG_WARN_CONSTANT_CONVERSION = YES;
				CLANG_WARN_DEPRECATED_OBJC_IMPLEMENTATIONS = YES;
				CLANG_WARN_DIRECT_OBJC_ISA_USAGE = YES_ERROR;
				CLANG_WARN_DOCUMENTATION_COMMENTS = YES;
				CLANG_WARN_EMPTY_BODY = YES;
				CLANG_WARN_ENUM_CONVERSION = YES;
				CLANG_WARN_INFINITE_RECURSION = YES;
				CLANG_WARN_INT_CONVERSION = YES;
				CLANG_WARN_NON_LITERAL_NULL_CONVERSION = YES;
				CLANG_WARN_OBJC_IMPLICIT_RETAIN_SELF = YES;
				CLANG_WARN_OBJC_LITERAL_CONVERSION = YES;
				CLANG_WARN_OBJC_ROOT_CLASS = YES_ERROR;
				CLANG_WARN_QUOTED_INCLUDE_IN_FRAMEWORK_HEADER = YES;
				CLANG_WARN_RANGE_LOOP_ANALYSIS = YES;
				CLANG_WARN_STRICT_PROTOTYPES = YES;
				CLANG_WARN_SUSPICIOUS_MOVE = YES;
				CLANG_WARN_UNGUARDED_AVAILABILITY = YES_AGGRESSIVE;
				CLANG_WARN_UNREACHABLE_CODE = YES;
				CLANG_WARN__DUPLICATE_METHOD_MATCH = YES;
				COPY_PHASE_STRIP = NO;
				DEBUG_INFORMATION_FORMAT = "dwarf-with-dsym";
				ENABLE_NS_ASSERTIONS = NO;
				ENABLE_STRICT_OBJC_MSGSEND = YES;
				ENABLE_USER_SCRIPT_SANDBOXING = YES;
				GCC_C_LANGUAGE_STANDARD = gnu17;
				GCC_NO_COMMON_BLOCKS = YES;
				GCC_WARN_64_TO_32_BIT_CONVERSION = YES;
				GCC_WARN_ABOUT_RETURN_TYPE = YES_ERROR;
				GCC_WARN_UNDECLARED_SELECTOR = YES;
				GCC_WARN_UNINITIALIZED_AUTOS = YES_AGGRESSIVE;
				GCC_WARN_UNUSED_FUNCTION = YES;
				GCC_WARN_UNUSED_VARIABLE = YES;
				IPHONEOS_DEPLOYMENT_TARGET = 17.5;
				LOCALIZATION_PREFERS_STRING_CATALOGS = YES;
				MTL_ENABLE_DEBUG_INFO = NO;
				MTL_FAST_MATH = YES;
				SDKROOT = iphoneos;
				SWIFT_COMPILATION_MODE = wholemodule;
				VALIDATE_PRODUCT = YES;
			};
			name = Release;
		};
		CAFD2D8A2C41157F00D69A08 /* Debug */ = {
			isa = XCBuildConfiguration;
			buildSettings = {
				ASSETCATALOG_COMPILER_APPICON_NAME = AppIcon;
				ASSETCATALOG_COMPILER_GLOBAL_ACCENT_COLOR_NAME = AccentColor;
				CODE_SIGN_STYLE = Automatic;
				CURRENT_PROJECT_VERSION = 1;
				DEVELOPMENT_ASSET_PATHS = "\"InstagramClone/Preview Content\"";
				ENABLE_PREVIEWS = YES;
				GENERATE_INFOPLIST_FILE = YES;
				INFOPLIST_KEY_UIApplicationSceneManifest_Generation = YES;
				INFOPLIST_KEY_UIApplicationSupportsIndirectInputEvents = YES;
				INFOPLIST_KEY_UILaunchScreen_Generation = YES;
				INFOPLIST_KEY_UISupportedInterfaceOrientations_iPad = "UIInterfaceOrientationPortrait UIInterfaceOrientationPortraitUpsideDown UIInterfaceOrientationLandscapeLeft UIInterfaceOrientationLandscapeRight";
				INFOPLIST_KEY_UISupportedInterfaceOrientations_iPhone = "UIInterfaceOrientationPortrait UIInterfaceOrientationLandscapeLeft UIInterfaceOrientationLandscapeRight";
				LD_RUNPATH_SEARCH_PATHS = (
					"$(inherited)",
					"@executable_path/Frameworks",
				);
				MARKETING_VERSION = 1.0;
				PRODUCT_BUNDLE_IDENTIFIER = KHI.InstagramClone;
				PRODUCT_NAME = "$(TARGET_NAME)";
				SWIFT_EMIT_LOC_STRINGS = YES;
				SWIFT_VERSION = 5.0;
				TARGETED_DEVICE_FAMILY = "1,2";
			};
			name = Debug;
		};
		CAFD2D8B2C41157F00D69A08 /* Release */ = {
			isa = XCBuildConfiguration;
			buildSettings = {
				ASSETCATALOG_COMPILER_APPICON_NAME = AppIcon;
				ASSETCATALOG_COMPILER_GLOBAL_ACCENT_COLOR_NAME = AccentColor;
				CODE_SIGN_STYLE = Automatic;
				CURRENT_PROJECT_VERSION = 1;
				DEVELOPMENT_ASSET_PATHS = "\"InstagramClone/Preview Content\"";
				ENABLE_PREVIEWS = YES;
				GENERATE_INFOPLIST_FILE = YES;
				INFOPLIST_KEY_UIApplicationSceneManifest_Generation = YES;
				INFOPLIST_KEY_UIApplicationSupportsIndirectInputEvents = YES;
				INFOPLIST_KEY_UILaunchScreen_Generation = YES;
				INFOPLIST_KEY_UISupportedInterfaceOrientations_iPad = "UIInterfaceOrientationPortrait UIInterfaceOrientationPortraitUpsideDown UIInterfaceOrientationLandscapeLeft UIInterfaceOrientationLandscapeRight";
				INFOPLIST_KEY_UISupportedInterfaceOrientations_iPhone = "UIInterfaceOrientationPortrait UIInterfaceOrientationLandscapeLeft UIInterfaceOrientationLandscapeRight";
				LD_RUNPATH_SEARCH_PATHS = (
					"$(inherited)",
					"@executable_path/Frameworks",
				);
				MARKETING_VERSION = 1.0;
				PRODUCT_BUNDLE_IDENTIFIER = KHI.InstagramClone;
				PRODUCT_NAME = "$(TARGET_NAME)";
				SWIFT_EMIT_LOC_STRINGS = YES;
				SWIFT_VERSION = 5.0;
				TARGETED_DEVICE_FAMILY = "1,2";
			};
			name = Release;
		};
/* End XCBuildConfiguration section */

/* Begin XCConfigurationList section */
		CAFD2D762C41157E00D69A08 /* Build configuration list for PBXProject "InstagramClone" */ = {
			isa = XCConfigurationList;
			buildConfigurations = (
				CAFD2D872C41157F00D69A08 /* Debug */,
				CAFD2D882C41157F00D69A08 /* Release */,
			);
			defaultConfigurationIsVisible = 0;
			defaultConfigurationName = Release;
		};
		CAFD2D892C41157F00D69A08 /* Build configuration list for PBXNativeTarget "InstagramClone" */ = {
			isa = XCConfigurationList;
			buildConfigurations = (
				CAFD2D8A2C41157F00D69A08 /* Debug */,
				CAFD2D8B2C41157F00D69A08 /* Release */,
			);
			defaultConfigurationIsVisible = 0;
			defaultConfigurationName = Release;
		};
/* End XCConfigurationList section */

/* Begin XCRemoteSwiftPackageReference section */
		CA4A23DF2C411BB9003C7234 /* XCRemoteSwiftPackageReference "firebase-ios-sdk" */ = {
			isa = XCRemoteSwiftPackageReference;
			repositoryURL = "https://github.com/firebase/firebase-ios-sdk";
			requirement = {
				kind = upToNextMajorVersion;
				minimumVersion = 10.29.0;
			};
		};
		CA7194ED2C45804C00CFF664 /* XCRemoteSwiftPackageReference "Kingfisher" */ = {
			isa = XCRemoteSwiftPackageReference;
			repositoryURL = "https://github.com/onevcat/Kingfisher";
			requirement = {
				kind = upToNextMajorVersion;
				minimumVersion = 7.12.0;
			};
		};
/* End XCRemoteSwiftPackageReference section */

/* Begin XCSwiftPackageProductDependency section */
		CA4A23E02C411BB9003C7234 /* FirebaseAuth */ = {
			isa = XCSwiftPackageProductDependency;
			package = CA4A23DF2C411BB9003C7234 /* XCRemoteSwiftPackageReference "firebase-ios-sdk" */;
			productName = FirebaseAuth;
		};
		CA4A23E22C411BB9003C7234 /* FirebaseFirestore */ = {
			isa = XCSwiftPackageProductDependency;
			package = CA4A23DF2C411BB9003C7234 /* XCRemoteSwiftPackageReference "firebase-ios-sdk" */;
			productName = FirebaseFirestore;
		};
		CA4A23E42C411BB9003C7234 /* FirebaseFirestoreSwift */ = {
			isa = XCSwiftPackageProductDependency;
			package = CA4A23DF2C411BB9003C7234 /* XCRemoteSwiftPackageReference "firebase-ios-sdk" */;
			productName = FirebaseFirestoreSwift;
		};
		CA4A23E62C411BB9003C7234 /* FirebaseStorage */ = {
			isa = XCSwiftPackageProductDependency;
			package = CA4A23DF2C411BB9003C7234 /* XCRemoteSwiftPackageReference "firebase-ios-sdk" */;
			productName = FirebaseStorage;
		};
		CA7194EE2C45804C00CFF664 /* Kingfisher */ = {
			isa = XCSwiftPackageProductDependency;
			package = CA7194ED2C45804C00CFF664 /* XCRemoteSwiftPackageReference "Kingfisher" */;
			productName = Kingfisher;
		};
/* End XCSwiftPackageProductDependency section */
	};
	rootObject = CAFD2D732C41157E00D69A08 /* Project object */;
}
